
Microsoft Visual Studio Solution File, Format Version 12.00
# Visual Studio Version 16
VisualStudioVersion = 16.0.30330.147
MinimumVisualStudioVersion = 10.0.40219.1
Project("{9A19103F-16F7-4668-BE54-9A1E7A4F7556}") = "MS.Modular", "MS.Modular\MS.Modular.csproj", "{97951DBB-A4CE-487D-A4C3-EC0834713BD9}"
EndProject
Project("{2150E333-8FDC-42A3-9474-1A3956D46DE8}") = "API", "API", "{EE2EFDA7-0902-4B5C-B47E-417113D671E4}"
EndProject
Project("{2150E333-8FDC-42A3-9474-1A3956D46DE8}") = "Modules", "Modules", "{28BDC415-52B1-4B94-A5CE-E918CE2522DB}"
EndProject
Project("{2150E333-8FDC-42A3-9474-1A3956D46DE8}") = "LoggingManagement", "LoggingManagement", "{24BAD49F-FB30-4DE0-B253-D714C0F9DC2C}"
EndProject
Project("{9A19103F-16F7-4668-BE54-9A1E7A4F7556}") = "MS.Modular.LoggingManagement.Infrastructure", "MS.Modular.LoggingManagement.Infrastructure\MS.Modular.LoggingManagement.Infrastructure.csproj", "{93A240C1-7BF7-4D30-92A9-5E4AE47A2CBB}"
EndProject
Project("{2150E333-8FDC-42A3-9474-1A3956D46DE8}") = "BuildingBlocks", "BuildingBlocks", "{DD3074FA-A5E9-4EFF-9DB9-FAB21E47C2CF}"
EndProject
Project("{9A19103F-16F7-4668-BE54-9A1E7A4F7556}") = "MS.Modular.BuildingBlocks.Domain", "MS.Modular.BuildingBlocks.Domain\MS.Modular.BuildingBlocks.Domain.csproj", "{26B300FA-F6B7-4198-8275-0F185B55DA93}"
EndProject
Project("{9A19103F-16F7-4668-BE54-9A1E7A4F7556}") = "MS.Modular.BuildingBlocks.Infrastustructure", "MS.Modular.BuildingBlocks.Infrastustructure\MS.Modular.BuildingBlocks.Infrastustructure.csproj", "{3717F3A4-30E0-4287-82CC-7E61FC6B9425}"
EndProject
Project("{9A19103F-16F7-4668-BE54-9A1E7A4F7556}") = "MS.Modular.BuildingBlocks.EventBus", "MS.Modular.BuildingBlocks.EventBus\MS.Modular.BuildingBlocks.EventBus.csproj", "{CA9A97A1-B9D0-4BBF-984A-2EDB8F16D40B}"
EndProject
Project("{2150E333-8FDC-42A3-9474-1A3956D46DE8}") = "AccountManagement", "AccountManagement", "{E4D0B81C-A444-4CD5-B281-5485679F4C27}"
EndProject
Project("{9A19103F-16F7-4668-BE54-9A1E7A4F7556}") = "MS.Modular.AccountManagement.Infrastructure", "MS.Modular.AccountManagement.Infrastructure\MS.Modular.AccountManagement.Infrastructure.csproj", "{606ED90E-7088-4A63-9663-65E9403F2279}"
EndProject
Project("{9A19103F-16F7-4668-BE54-9A1E7A4F7556}") = "MS.Modular.BuildingBlocks.Application", "MS.Modular.BuildingBlocks.Application\MS.Modular.BuildingBlocks.Application.csproj", "{7C4947A2-3494-4A12-88AF-B86A220421C0}"
EndProject
Project("{9A19103F-16F7-4668-BE54-9A1E7A4F7556}") = "MS.Modular.AccountManagement.Domain", "MS.Modular.AccountManagement.Domain\MS.Modular.AccountManagement.Domain.csproj", "{0C1998A9-D37D-494B-8E9F-A70D867A903C}"
EndProject
Project("{9A19103F-16F7-4668-BE54-9A1E7A4F7556}") = "MS.Modular.AccountManagement.Application", "MS.Modular.AccountManagement.Application\MS.Modular.AccountManagement.Application.csproj", "{2BC9A2A1-6FD5-4A15-B896-2186346990FE}"
EndProject
Project("{2150E333-8FDC-42A3-9474-1A3956D46DE8}") = "Database", "Database", "{8480CCD6-BF5D-47BB-BC67-2C09DEF4747E}"
	ProjectSection(SolutionItems) = preProject
		C:\Users\Administrator\Documents\ModulaDb.sql = C:\Users\Administrator\Documents\ModulaDb.sql
	EndProjectSection
EndProject
Global
	GlobalSection(SolutionConfigurationPlatforms) = preSolution
		Debug|Any CPU = Debug|Any CPU
		Release|Any CPU = Release|Any CPU
	EndGlobalSection
	GlobalSection(ProjectConfigurationPlatforms) = postSolution
		{97951DBB-A4CE-487D-A4C3-EC0834713BD9}.Debug|Any CPU.ActiveCfg = Debug|Any CPU
		{97951DBB-A4CE-487D-A4C3-EC0834713BD9}.Debug|Any CPU.Build.0 = Debug|Any CPU
		{97951DBB-A4CE-487D-A4C3-EC0834713BD9}.Release|Any CPU.ActiveCfg = Release|Any CPU
		{97951DBB-A4CE-487D-A4C3-EC0834713BD9}.Release|Any CPU.Build.0 = Release|Any CPU
		{93A240C1-7BF7-4D30-92A9-5E4AE47A2CBB}.Debug|Any CPU.ActiveCfg = Debug|Any CPU
		{93A240C1-7BF7-4D30-92A9-5E4AE47A2CBB}.Debug|Any CPU.Build.0 = Debug|Any CPU
		{93A240C1-7BF7-4D30-92A9-5E4AE47A2CBB}.Release|Any CPU.ActiveCfg = Release|Any CPU
		{93A240C1-7BF7-4D30-92A9-5E4AE47A2CBB}.Release|Any CPU.Build.0 = Release|Any CPU
		{26B300FA-F6B7-4198-8275-0F185B55DA93}.Debug|Any CPU.ActiveCfg = Debug|Any CPU
		{26B300FA-F6B7-4198-8275-0F185B55DA93}.Debug|Any CPU.Build.0 = Debug|Any CPU
		{26B300FA-F6B7-4198-8275-0F185B55DA93}.Release|Any CPU.ActiveCfg = Release|Any CPU
		{26B300FA-F6B7-4198-8275-0F185B55DA93}.Release|Any CPU.Build.0 = Release|Any CPU
		{3717F3A4-30E0-4287-82CC-7E61FC6B9425}.Debug|Any CPU.ActiveCfg = Debug|Any CPU
		{3717F3A4-30E0-4287-82CC-7E61FC6B9425}.Debug|Any CPU.Build.0 = Debug|Any CPU
		{3717F3A4-30E0-4287-82CC-7E61FC6B9425}.Release|Any CPU.ActiveCfg = Release|Any CPU
		{3717F3A4-30E0-4287-82CC-7E61FC6B9425}.Release|Any CPU.Build.0 = Release|Any CPU
		{CA9A97A1-B9D0-4BBF-984A-2EDB8F16D40B}.Debug|Any CPU.ActiveCfg = Debug|Any CPU
		{CA9A97A1-B9D0-4BBF-984A-2EDB8F16D40B}.Debug|Any CPU.Build.0 = Debug|Any CPU
		{CA9A97A1-B9D0-4BBF-984A-2EDB8F16D40B}.Release|Any CPU.ActiveCfg = Release|Any CPU
		{CA9A97A1-B9D0-4BBF-984A-2EDB8F16D40B}.Release|Any CPU.Build.0 = Release|Any CPU
		{606ED90E-7088-4A63-9663-65E9403F2279}.Debug|Any CPU.ActiveCfg = Debug|Any CPU
		{606ED90E-7088-4A63-9663-65E9403F2279}.Debug|Any CPU.Build.0 = Debug|Any CPU
		{606ED90E-7088-4A63-9663-65E9403F2279}.Release|Any CPU.ActiveCfg = Release|Any CPU
		{606ED90E-7088-4A63-9663-65E9403F2279}.Release|Any CPU.Build.0 = Release|Any CPU
		{7C4947A2-3494-4A12-88AF-B86A220421C0}.Debug|Any CPU.ActiveCfg = Debug|Any CPU
		{7C4947A2-3494-4A12-88AF-B86A220421C0}.Debug|Any CPU.Build.0 = Debug|Any CPU
		{7C4947A2-3494-4A12-88AF-B86A220421C0}.Release|Any CPU.ActiveCfg = Release|Any CPU
		{7C4947A2-3494-4A12-88AF-B86A220421C0}.Release|Any CPU.Build.0 = Release|Any CPU
		{0C1998A9-D37D-494B-8E9F-A70D867A903C}.Debug|Any CPU.ActiveCfg = Debug|Any CPU
		{0C1998A9-D37D-494B-8E9F-A70D867A903C}.Debug|Any CPU.Build.0 = Debug|Any CPU
		{0C1998A9-D37D-494B-8E9F-A70D867A903C}.Release|Any CPU.ActiveCfg = Release|Any CPU
		{0C1998A9-D37D-494B-8E9F-A70D867A903C}.Release|Any CPU.Build.0 = Release|Any CPU
		{2BC9A2A1-6FD5-4A15-B896-2186346990FE}.Debug|Any CPU.ActiveCfg = Debug|Any CPU
		{2BC9A2A1-6FD5-4A15-B896-2186346990FE}.Debug|Any CPU.Build.0 = Debug|Any CPU
		{2BC9A2A1-6FD5-4A15-B896-2186346990FE}.Release|Any CPU.ActiveCfg = Release|Any CPU
		{2BC9A2A1-6FD5-4A15-B896-2186346990FE}.Release|Any CPU.Build.0 = Release|Any CPU
	EndGlobalSection
	GlobalSection(SolutionProperties) = preSolution
		HideSolutionNode = FALSE
	EndGlobalSection
	GlobalSection(NestedProjects) = preSolution
		{97951DBB-A4CE-487D-A4C3-EC0834713BD9} = {EE2EFDA7-0902-4B5C-B47E-417113D671E4}
		{24BAD49F-FB30-4DE0-B253-D714C0F9DC2C} = {28BDC415-52B1-4B94-A5CE-E918CE2522DB}
		{93A240C1-7BF7-4D30-92A9-5E4AE47A2CBB} = {24BAD49F-FB30-4DE0-B253-D714C0F9DC2C}
		{26B300FA-F6B7-4198-8275-0F185B55DA93} = {DD3074FA-A5E9-4EFF-9DB9-FAB21E47C2CF}
		{3717F3A4-30E0-4287-82CC-7E61FC6B9425} = {DD3074FA-A5E9-4EFF-9DB9-FAB21E47C2CF}
		{CA9A97A1-B9D0-4BBF-984A-2EDB8F16D40B} = {DD3074FA-A5E9-4EFF-9DB9-FAB21E47C2CF}
		{E4D0B81C-A444-4CD5-B281-5485679F4C27} = {28BDC415-52B1-4B94-A5CE-E918CE2522DB}
		{606ED90E-7088-4A63-9663-65E9403F2279} = {E4D0B81C-A444-4CD5-B281-5485679F4C27}
		{7C4947A2-3494-4A12-88AF-B86A220421C0} = {DD3074FA-A5E9-4EFF-9DB9-FAB21E47C2CF}
		{0C1998A9-D37D-494B-8E9F-A70D867A903C} = {E4D0B81C-A444-4CD5-B281-5485679F4C27}
		{2BC9A2A1-6FD5-4A15-B896-2186346990FE} = {E4D0B81C-A444-4CD5-B281-5485679F4C27}
	EndGlobalSection
	GlobalSection(ExtensibilityGlobals) = postSolution
		SolutionGuid = {E8C4C11A-FC35-4220-94F2-01B643F78645}
	EndGlobalSection
EndGlobal
